
Microsoft Visual Studio Solution File, Format Version 12.00
# Visual Studio Version 16
VisualStudioVersion = 16.0.31729.503
MinimumVisualStudioVersion = 10.0.40219.1
Project("{FAE04EC0-301F-11D3-BF4B-00C04F79EFBC}") = "WpfBinding", "WpfBinding\WpfBinding.csproj", "{8ED4C2F2-1DBC-4423-9540-5A02D7D3CDD4}"
EndProject
Global
	GlobalSection(SolutionConfigurationPlatforms) = preSolution
		Debug|Any CPU = Debug|Any CPU
		Release|Any CPU = Release|Any CPU
	EndGlobalSection
	GlobalSection(ProjectConfigurationPlatforms) = postSolution
		{8ED4C2F2-1DBC-4423-9540-5A02D7D3CDD4}.Debug|Any CPU.ActiveCfg = Debug|Any CPU
		{8ED4C2F2-1DBC-4423-9540-5A02D7D3CDD4}.Debug|Any CPU.Build.0 = Debug|Any CPU
		{8ED4C2F2-1DBC-4423-9540-5A02D7D3CDD4}.Release|Any CPU.ActiveCfg = Release|Any CPU
		{8ED4C2F2-1DBC-4423-9540-5A02D7D3CDD4}.Release|Any CPU.Build.0 = Release|Any CPU
	EndGlobalSection
	GlobalSection(SolutionProperties) = preSolution
		HideSolutionNode = FALSE
	EndGlobalSection
	GlobalSection(ExtensibilityGlobals) = postSolution
		SolutionGuid = {E6FDAE70-C61E-4B8A-8AAC-BC70678E368E}
	EndGlobalSection
EndGlobal
